// !$*UTF8*$!
{
	archiveVersion = 1;
	classes = {
	};
	objectVersion = 77;
	objects = {

/* Begin PBXBuildFile section */
		63D010EF2FC85F1100584707 /* AI_COLLABORATION_LOG.md in Resources */ = {isa = PBXBuildFile; fileRef = 63D010EE2FC85F1100584707 /* AI_COLLABORATION_LOG.md */; };
		63D010F32FC85F5700584707 /* README.md in Resources */ = {isa = PBXBuildFile; fileRef = 63D010F22FC85F5700584707 /* README.md */; };
/* End PBXBuildFile section */

/* Begin PBXContainerItemProxy section */
		63D010D22FC85EDF00584707 /* PBXContainerItemProxy */ = {
			isa = PBXContainerItemProxy;
			containerPortal = 63D010BC2FC85EDC00584707 /* Project object */;
			proxyType = 1;
			remoteGlobalIDString = 63D010C32FC85EDC00584707;
			remoteInfo = DynamicForm;
		};
		63D010DC2FC85EDF00584707 /* PBXContainerItemProxy */ = {
			isa = PBXContainerItemProxy;
			containerPortal = 63D010BC2FC85EDC00584707 /* Project object */;
			proxyType = 1;
			remoteGlobalIDString = 63D010C32FC85EDC00584707;
			remoteInfo = DynamicForm;
		};
/* End PBXContainerItemProxy section */

/* Begin PBXFileReference section */
		63D010C42FC85EDC00584707 /* DynamicForm.app */ = {isa = PBXFileReference; explicitFileType = wrapper.application; includeInIndex = 0; path = DynamicForm.app; sourceTree = BUILT_PRODUCTS_DIR; };
		63D010D12FC85EDF00584707 /* DynamicFormTests.xctest */ = {isa = PBXFileReference; explicitFileType = wrapper.cfbundle; includeInIndex = 0; path = DynamicFormTests.xctest; sourceTree = BUILT_PRODUCTS_DIR; };
		63D010DB2FC85EDF00584707 /* DynamicFormUITests.xctest */ = {isa = PBXFileReference; explicitFileType = wrapper.cfbundle; includeInIndex = 0; path = DynamicFormUITests.xctest; sourceTree = BUILT_PRODUCTS_DIR; };
		63D010EE2FC85F1100584707 /* AI_COLLABORATION_LOG.md */ = {isa = PBXFileReference; lastKnownFileType = net.daringfireball.markdown; path = AI_COLLABORATION_LOG.md; sourceTree = "<group>"; };
		63D010F22FC85F5700584707 /* README.md */ = {isa = PBXFileReference; lastKnownFileType = net.daringfireball.markdown; path = README.md; sourceTree = "<group>"; };
/* End PBXFileReference section */

/* Begin PBXFileSystemSynchronizedRootGroup section */
		63D010C62FC85EDC00584707 /* DynamicForm */ = {
			isa = PBXFileSystemSynchronizedRootGroup;
			path = DynamicForm;
			sourceTree = "<group>";
		};
		63D010D42FC85EDF00584707 /* DynamicFormTests */ = {
			isa = PBXFileSystemSynchronizedRootGroup;
			path = DynamicFormTests;
			sourceTree = "<group>";
		};
		63D010DE2FC85EDF00584707 /* DynamicFormUITests */ = {
			isa = PBXFileSystemSynchronizedRootGroup;
			path = DynamicFormUITests;
			sourceTree = "<group>";
		};
/* End PBXFileSystemSynchronizedRootGroup section */

/* Begin PBXFrameworksBuildPhase section */
		63D010C12FC85EDC00584707 /* Frameworks */ = {
			isa = PBXFrameworksBuildPhase;
			buildActionMask = 2147483647;
			files = (
			);
			runOnlyForDeploymentPostprocessing = 0;
		};
		63D010CE2FC85EDF00584707 /* Frameworks */ = {
			isa = PBXFrameworksBuildPhase;
			buildActionMask = 2147483647;
			files = (
			);
			runOnlyForDeploymentPostprocessing = 0;
		};
		63D010D82FC85EDF00584707 /* Frameworks */ = {
			isa = PBXFrameworksBuildPhase;
			buildActionMask = 2147483647;
			files = (
			);
			runOnlyForDeploymentPostprocessing = 0;
		};
/* End PBXFrameworksBuildPhase section */

/* Begin PBXGroup section */
		63D010BB2FC85EDC00584707 = {
			isa = PBXGroup;
			children = (
				63D010F22FC85F5700584707 /* README.md */,
				63D010EE2FC85F1100584707 /* AI_COLLABORATION_LOG.md */,
				63D010C62FC85EDC00584707 /* DynamicForm */,
				63D010D42FC85EDF00584707 /* DynamicFormTests */,
				63D010DE2FC85EDF00584707 /* DynamicFormUITests */,
				63D010C52FC85EDC00584707 /* Products */,
			);
			sourceTree = "<group>";
		};
		63D010C52FC85EDC00584707 /* Products */ = {
			isa = PBXGroup;
			children = (
				63D010C42FC85EDC00584707 /* DynamicForm.app */,
				63D010D12FC85EDF00584707 /* DynamicFormTests.xctest */,
				63D010DB2FC85EDF00584707 /* DynamicFormUITests.xctest */,
			);
			name = Products;
			sourceTree = "<group>";
		};
/* End PBXGroup section */

/* Begin PBXNativeTarget section */
		63D010C32FC85EDC00584707 /* DynamicForm */ = {
			isa = PBXNativeTarget;
			buildConfigurationList = 63D010E52FC85EDF00584707 /* Build configuration list for PBXNativeTarget "DynamicForm" */;
			buildPhases = (
				63D010C02FC85EDC00584707 /* Sources */,
				63D010C12FC85EDC00584707 /* Frameworks */,
				63D010C22FC85EDC00584707 /* Resources */,
			);
			buildRules = (
			);
			dependencies = (
			);
			fileSystemSynchronizedGroups = (
				63D010C62FC85EDC00584707 /* DynamicForm */,
			);
			name = DynamicForm;
			packageProductDependencies = (
			);
			productName = DynamicForm;
			productReference = 63D010C42FC85EDC00584707 /* DynamicForm.app */;
			productType = "com.apple.product-type.application";
		};
		63D010D02FC85EDF00584707 /* DynamicFormTests */ = {
			isa = PBXNativeTarget;
			buildConfigurationList = 63D010E82FC85EDF00584707 /* Build configuration list for PBXNativeTarget "DynamicFormTests" */;
			buildPhases = (
				63D010CD2FC85EDF00584707 /* Sources */,
				63D010CE2FC85EDF00584707 /* Frameworks */,
				63D010CF2FC85EDF00584707 /* Resources */,
			);
			buildRules = (
			);
			dependencies = (
				63D010D32FC85EDF00584707 /* PBXTargetDependency */,
			);
			fileSystemSynchronizedGroups = (
				63D010D42FC85EDF00584707 /* DynamicFormTests */,
			);
			name = DynamicFormTests;
			packageProductDependencies = (
			);
			productName = DynamicFormTests;
			productReference = 63D010D12FC85EDF00584707 /* DynamicFormTests.xctest */;
			productType = "com.apple.product-type.bundle.unit-test";
		};
		63D010DA2FC85EDF00584707 /* DynamicFormUITests */ = {
			isa = PBXNativeTarget;
			buildConfigurationList = 63D010EB2FC85EDF00584707 /* Build configuration list for PBXNativeTarget "DynamicFormUITests" */;
			buildPhases = (
				63D010D72FC85EDF00584707 /* Sources */,
				63D010D82FC85EDF00584707 /* Frameworks */,
				63D010D92FC85EDF00584707 /* Resources */,
			);
			buildRules = (
			);
			dependencies = (
				63D010DD2FC85EDF00584707 /* PBXTargetDependency */,
			);
			fileSystemSynchronizedGroups = (
				63D010DE2FC85EDF00584707 /* DynamicFormUITests */,
			);
			name = DynamicFormUITests;
			packageProductDependencies = (
			);
			productName = DynamicFormUITests;
			productReference = 63D010DB2FC85EDF00584707 /* DynamicFormUITests.xctest */;
			productType = "com.apple.product-type.bundle.ui-testing";
		};
/* End PBXNativeTarget section */

/* Begin PBXProject section */
		63D010BC2FC85EDC00584707 /* Project object */ = {
			isa = PBXProject;
			attributes = {
				BuildIndependentTargetsInParallel = 1;
				LastSwiftUpdateCheck = 2650;
				LastUpgradeCheck = 2650;
				TargetAttributes = {
					63D010C32FC85EDC00584707 = {
						CreatedOnToolsVersion = 26.5;
					};
					63D010D02FC85EDF00584707 = {
						CreatedOnToolsVersion = 26.5;
						TestTargetID = 63D010C32FC85EDC00584707;
					};
					63D010DA2FC85EDF00584707 = {
						CreatedOnToolsVersion = 26.5;
						TestTargetID = 63D010C32FC85EDC00584707;
					};
				};
			};
			buildConfigurationList = 63D010BF2FC85EDC00584707 /* Build configuration list for PBXProject "DynamicForm" */;
			developmentRegion = en;
			hasScannedForEncodings = 0;
			knownRegions = (
				en,
				Base,
			);
			mainGroup = 63D010BB2FC85EDC00584707;
			minimizedProjectReferenceProxies = 1;
			preferredProjectObjectVersion = 77;
			productRefGroup = 63D010C52FC85EDC00584707 /* Products */;
			projectDirPath = "";
			projectRoot = "";
			targets = (
				63D010C32FC85EDC00584707 /* DynamicForm */,
				63D010D02FC85EDF00584707 /* DynamicFormTests */,
				63D010DA2FC85EDF00584707 /* DynamicFormUITests */,
			);
		};
/* End PBXProject section */

/* Begin PBXResourcesBuildPhase section */
		63D010C22FC85EDC00584707 /* Resources */ = {
			isa = PBXResourcesBuildPhase;
			buildActionMask = 2147483647;
			files = (
				63D010EF2FC85F1100584707 /* AI_COLLABORATION_LOG.md in Resources */,
				63D010F32FC85F5700584707 /* README.md in Resources */,
			);
			runOnlyForDeploymentPostprocessing = 0;
		};
		63D010CF2FC85EDF00584707 /* Resources */ = {
			isa = PBXResourcesBuildPhase;
			buildActionMask = 2147483647;
			files = (
			);
			runOnlyForDeploymentPostprocessing = 0;
		};
		63D010D92FC85EDF00584707 /* Resources */ = {
			isa = PBXResourcesBuildPhase;
			buildActionMask = 2147483647;
			files = (
			);
			runOnlyForDeploymentPostprocessing = 0;
		};
/* End PBXResourcesBuildPhase section */

/* Begin PBXSourcesBuildPhase section */
		63D010C02FC85EDC00584707 /* Sources */ = {
			isa = PBXSourcesBuildPhase;
			buildActionMask = 2147483647;
			files = (
			);
			runOnlyForDeploymentPostprocessing = 0;
		};
		63D010CD2FC85EDF00584707 /* Sources */ = {
			isa = PBXSourcesBuildPhase;
			buildActionMask = 2147483647;
			files = (
			);
			runOnlyForDeploymentPostprocessing = 0;
		};
		63D010D72FC85EDF00584707 /* Sources */ = {
			isa = PBXSourcesBuildPhase;
			buildActionMask = 2147483647;
			files = (
			);
			runOnlyForDeploymentPostprocessing = 0;
		};
/* End PBXSourcesBuildPhase section */

/* Begin PBXTargetDependency section */
		63D010D32FC85EDF00584707 /* PBXTargetDependency */ = {
			isa = PBXTargetDependency;
			target = 63D010C32FC85EDC00584707 /* DynamicForm */;
			targetProxy = 63D010D22FC85EDF00584707 /* PBXContainerItemProxy */;
		};
		63D010DD2FC85EDF00584707 /* PBXTargetDependency */ = {
			isa = PBXTargetDependency;
			target = 63D010C32FC85EDC00584707 /* DynamicForm */;
			targetProxy = 63D010DC2FC85EDF00584707 /* PBXContainerItemProxy */;
		};
/* End PBXTargetDependency section */

/* Begin XCBuildConfiguration section */
		63D010E32FC85EDF00584707 /* Debug */ = {
			isa = XCBuildConfiguration;
			buildSettings = {
				ALWAYS_SEARCH_USER_PATHS = NO;
				ASSETCATALOG_COMPILER_GENERATE_SWIFT_ASSET_SYMBOL_EXTENSIONS = YES;
				CLANG_ANALYZER_NONNULL = YES;
				CLANG_ANALYZER_NUMBER_OBJECT_CONVERSION = YES_AGGRESSIVE;
				CLANG_CXX_LANGUAGE_STANDARD = "gnu++20";
				CLANG_ENABLE_MODULES = YES;
				CLANG_ENABLE_OBJC_ARC = YES;
				CLANG_ENABLE_OBJC_WEAK = YES;
				CLANG_WARN_BLOCK_CAPTURE_AUTORELEASING = YES;
				CLANG_WARN_BOOL_CONVERSION = YES;
				CLANG_WARN_COMMA = YES;
				CLANG_WARN_CONSTANT_CONVERSION = YES;
				CLANG_WARN_DEPRECATED_OBJC_IMPLEMENTATIONS = YES;
				CLANG_WARN_DIRECT_OBJC_ISA_USAGE = YES_ERROR;
				CLANG_WARN_DOCUMENTATION_COMMENTS = YES;
				CLANG_WARN_EMPTY_BODY = YES;
				CLANG_WARN_ENUM_CONVERSION = YES;
				CLANG_WARN_INFINITE_RECURSION = YES;
				CLANG_WARN_INT_CONVERSION = YES;
				CLANG_WARN_NON_LITERAL_NULL_CONVERSION = YES;
				CLANG_WARN_OBJC_IMPLICIT_RETAIN_SELF = YES;
				CLANG_WARN_OBJC_LITERAL_CONVERSION = YES;
				CLANG_WARN_OBJC_ROOT_CLASS = YES_ERROR;
				CLANG_WARN_QUOTED_INCLUDE_IN_FRAMEWORK_HEADER = YES;
				CLANG_WARN_RANGE_LOOP_ANALYSIS = YES;
				CLANG_WARN_STRICT_PROTOTYPES = YES;
				CLANG_WARN_SUSPICIOUS_MOVE = YES;
				CLANG_WARN_UNGUARDED_AVAILABILITY = YES_AGGRESSIVE;
				CLANG_WARN_UNREACHABLE_CODE = YES;
				CLANG_WARN__DUPLICATE_METHOD_MATCH = YES;
				COPY_PHASE_STRIP = NO;
				DEBUG_INFORMATION_FORMAT = dwarf;
				DEVELOPMENT_TEAM = 4FM45LJ43V;
				ENABLE_STRICT_OBJC_MSGSEND = YES;
				ENABLE_TESTABILITY = YES;
				ENABLE_USER_SCRIPT_SANDBOXING = YES;
				GCC_C_LANGUAGE_STANDARD = gnu17;
				GCC_DYNAMIC_NO_PIC = NO;
				GCC_NO_COMMON_BLOCKS = YES;
				GCC_OPTIMIZATION_LEVEL = 0;
				GCC_PREPROCESSOR_DEFINITIONS = (
					"DEBUG=1",
					"$(inherited)",
				);
				GCC_WARN_64_TO_32_BIT_CONVERSION = YES;
				GCC_WARN_ABOUT_RETURN_TYPE = YES_ERROR;
				GCC_WARN_UNDECLARED_SELECTOR = YES;
				GCC_WARN_UNINITIALIZED_AUTOS = YES_AGGRESSIVE;
				GCC_WARN_UNUSED_FUNCTION = YES;
				GCC_WARN_UNUSED_VARIABLE = YES;
				IPHONEOS_DEPLOYMENT_TARGET = 26.5;
				LOCALIZATION_PREFERS_STRING_CATALOGS = YES;
				MTL_ENABLE_DEBUG_INFO = INCLUDE_SOURCE;
				MTL_FAST_MATH = YES;
				ONLY_ACTIVE_ARCH = YES;
				SDKROOT = iphoneos;
				SWIFT_ACTIVE_COMPILATION_CONDITIONS = "DEBUG $(inherited)";
				SWIFT_OPTIMIZATION_LEVEL = "-Onone";
			};
			name = Debug;
		};
		63D010E42FC85EDF00584707 /* Release */ = {
			isa = XCBuildConfiguration;
			buildSettings = {
				ALWAYS_SEARCH_USER_PATHS = NO;
				ASSETCATALOG_COMPILER_GENERATE_SWIFT_ASSET_SYMBOL_EXTENSIONS = YES;
				CLANG_ANALYZER_NONNULL = YES;
				CLANG_ANALYZER_NUMBER_OBJECT_CONVERSION = YES_AGGRESSIVE;
				CLANG_CXX_LANGUAGE_STANDARD = "gnu++20";
				CLANG_ENABLE_MODULES = YES;
				CLANG_ENABLE_OBJC_ARC = YES;
				CLANG_ENABLE_OBJC_WEAK = YES;
				CLANG_WARN_BLOCK_CAPTURE_AUTORELEASING = YES;
				CLANG_WARN_BOOL_CONVERSION = YES;
				CLANG_WARN_COMMA = YES;
				CLANG_WARN_CONSTANT_CONVERSION = YES;
				CLANG_WARN_DEPRECATED_OBJC_IMPLEMENTATIONS = YES;
				CLANG_WARN_DIRECT_OBJC_ISA_USAGE = YES_ERROR;
				CLANG_WARN_DOCUMENTATION_COMMENTS = YES;
				CLANG_WARN_EMPTY_BODY = YES;
				CLANG_WARN_ENUM_CONVERSION = YES;
				CLANG_WARN_INFINITE_RECURSION = YES;
				CLANG_WARN_INT_CONVERSION = YES;
				CLANG_WARN_NON_LITERAL_NULL_CONVERSION = YES;
				CLANG_WARN_OBJC_IMPLICIT_RETAIN_SELF = YES;
				CLANG_WARN_OBJC_LITERAL_CONVERSION = YES;
				CLANG_WARN_OBJC_ROOT_CLASS = YES_ERROR;
				CLANG_WARN_QUOTED_INCLUDE_IN_FRAMEWORK_HEADER = YES;
				CLANG_WARN_RANGE_LOOP_ANALYSIS = YES;
				CLANG_WARN_STRICT_PROTOTYPES = YES;
				CLANG_WARN_SUSPICIOUS_MOVE = YES;
				CLANG_WARN_UNGUARDED_AVAILABILITY = YES_AGGRESSIVE;
				CLANG_WARN_UNREACHABLE_CODE = YES;
				CLANG_WARN__DUPLICATE_METHOD_MATCH = YES;
				COPY_PHASE_STRIP = NO;
				DEBUG_INFORMATION_FORMAT = "dwarf-with-dsym";
				DEVELOPMENT_TEAM = 4FM45LJ43V;
				ENABLE_NS_ASSERTIONS = NO;
				ENABLE_STRICT_OBJC_MSGSEND = YES;
				ENABLE_USER_SCRIPT_SANDBOXING = YES;
				GCC_C_LANGUAGE_STANDARD = gnu17;
				GCC_NO_COMMON_BLOCKS = YES;
				GCC_WARN_64_TO_32_BIT_CONVERSION = YES;
				GCC_WARN_ABOUT_RETURN_TYPE = YES_ERROR;
				GCC_WARN_UNDECLARED_SELECTOR = YES;
				GCC_WARN_UNINITIALIZED_AUTOS = YES_AGGRESSIVE;
				GCC_WARN_UNUSED_FUNCTION = YES;
				GCC_WARN_UNUSED_VARIABLE = YES;
				IPHONEOS_DEPLOYMENT_TARGET = 26.5;
				LOCALIZATION_PREFERS_STRING_CATALOGS = YES;
				MTL_ENABLE_DEBUG_INFO = NO;
				MTL_FAST_MATH = YES;
				SDKROOT = iphoneos;
				SWIFT_COMPILATION_MODE = wholemodule;
				VALIDATE_PRODUCT = YES;
			};
			name = Release;
		};
		63D010E62FC85EDF00584707 /* Debug */ = {
			isa = XCBuildConfiguration;
			buildSettings = {
				ASSETCATALOG_COMPILER_APPICON_NAME = AppIcon;
				ASSETCATALOG_COMPILER_GLOBAL_ACCENT_COLOR_NAME = AccentColor;
				CODE_SIGN_STYLE = Automatic;
				CURRENT_PROJECT_VERSION = 1;
				DEVELOPMENT_TEAM = 4FM45LJ43V;
				ENABLE_PREVIEWS = YES;
				GENERATE_INFOPLIST_FILE = YES;
				INFOPLIST_KEY_UIApplicationSceneManifest_Generation = YES;
				INFOPLIST_KEY_UIApplicationSupportsIndirectInputEvents = YES;
				INFOPLIST_KEY_UILaunchScreen_Generation = YES;
				INFOPLIST_KEY_UISupportedInterfaceOrientations_iPad = "UIInterfaceOrientationPortrait UIInterfaceOrientationPortraitUpsideDown UIInterfaceOrientationLandscapeLeft UIInterfaceOrientationLandscapeRight";
				INFOPLIST_KEY_UISupportedInterfaceOrientations_iPhone = "UIInterfaceOrientationPortrait UIInterfaceOrientationLandscapeLeft UIInterfaceOrientationLandscapeRight";
				IPHONEOS_DEPLOYMENT_TARGET = 16.0;
				LD_RUNPATH_SEARCH_PATHS = (
					"$(inherited)",
					"@executable_path/Frameworks",
				);
				MARKETING_VERSION = 1.0;
				PRODUCT_BUNDLE_IDENTIFIER = personal.DynamicForm;
				PRODUCT_NAME = "$(TARGET_NAME)";
				STRING_CATALOG_GENERATE_SYMBOLS = YES;
				SWIFT_APPROACHABLE_CONCURRENCY = YES;
				SWIFT_DEFAULT_ACTOR_ISOLATION = MainActor;
				SWIFT_EMIT_LOC_STRINGS = YES;
				SWIFT_UPCOMING_FEATURE_MEMBER_IMPORT_VISIBILITY = YES;
				SWIFT_VERSION = 5.0;
				TARGETED_DEVICE_FAMILY = "1,2";
			};
			name = Debug;
		};
		63D010E72FC85EDF00584707 /* Release */ = {
			isa = XCBuildConfiguration;
			buildSettings = {
				ASSETCATALOG_COMPILER_APPICON_NAME = AppIcon;
				ASSETCATALOG_COMPILER_GLOBAL_ACCENT_COLOR_NAME = AccentColor;
				CODE_SIGN_STYLE = Automatic;
				CURRENT_PROJECT_VERSION = 1;
				DEVELOPMENT_TEAM = 4FM45LJ43V;
				ENABLE_PREVIEWS = YES;
				GENERATE_INFOPLIST_FILE = YES;
				INFOPLIST_KEY_UIApplicationSceneManifest_Generation = YES;
				INFOPLIST_KEY_UIApplicationSupportsIndirectInputEvents = YES;
				INFOPLIST_KEY_UILaunchScreen_Generation = YES;
				INFOPLIST_KEY_UISupportedInterfaceOrientations_iPad = "UIInterfaceOrientationPortrait UIInterfaceOrientationPortraitUpsideDown UIInterfaceOrientationLandscapeLeft UIInterfaceOrientationLandscapeRight";
				INFOPLIST_KEY_UISupportedInterfaceOrientations_iPhone = "UIInterfaceOrientationPortrait UIInterfaceOrientationLandscapeLeft UIInterfaceOrientationLandscapeRight";
				IPHONEOS_DEPLOYMENT_TARGET = 16.0;
				LD_RUNPATH_SEARCH_PATHS = (
					"$(inherited)",
					"@executable_path/Frameworks",
				);
				MARKETING_VERSION = 1.0;
				PRODUCT_BUNDLE_IDENTIFIER = personal.DynamicForm;
				PRODUCT_NAME = "$(TARGET_NAME)";
				STRING_CATALOG_GENERATE_SYMBOLS = YES;
				SWIFT_APPROACHABLE_CONCURRENCY = YES;
				SWIFT_DEFAULT_ACTOR_ISOLATION = MainActor;
				SWIFT_EMIT_LOC_STRINGS = YES;
				SWIFT_UPCOMING_FEATURE_MEMBER_IMPORT_VISIBILITY = YES;
				SWIFT_VERSION = 5.0;
				TARGETED_DEVICE_FAMILY = "1,2";
			};
			name = Release;
		};
		63D010E92FC85EDF00584707 /* Debug */ = {
			isa = XCBuildConfiguration;
			buildSettings = {
				BUNDLE_LOADER = "$(TEST_HOST)";
				CODE_SIGN_STYLE = Automatic;
				CURRENT_PROJECT_VERSION = 1;
				DEVELOPMENT_TEAM = 4FM45LJ43V;
				GENERATE_INFOPLIST_FILE = YES;
				IPHONEOS_DEPLOYMENT_TARGET = 26.5;
				MARKETING_VERSION = 1.0;
				PRODUCT_BUNDLE_IDENTIFIER = personal.DynamicFormTests;
				PRODUCT_NAME = "$(TARGET_NAME)";
				STRING_CATALOG_GENERATE_SYMBOLS = NO;
				SWIFT_APPROACHABLE_CONCURRENCY = YES;
				SWIFT_EMIT_LOC_STRINGS = NO;
				SWIFT_UPCOMING_FEATURE_MEMBER_IMPORT_VISIBILITY = YES;
				SWIFT_VERSION = 5.0;
				TARGETED_DEVICE_FAMILY = "1,2";
				TEST_HOST = "$(BUILT_PRODUCTS_DIR)/DynamicForm.app/$(BUNDLE_EXECUTABLE_FOLDER_PATH)/DynamicForm";
			};
			name = Debug;
		};
		63D010EA2FC85EDF00584707 /* Release */ = {
			isa = XCBuildConfiguration;
			buildSettings = {
				BUNDLE_LOADER = "$(TEST_HOST)";
				CODE_SIGN_STYLE = Automatic;
				CURRENT_PROJECT_VERSION = 1;
				DEVELOPMENT_TEAM = 4FM45LJ43V;
				GENERATE_INFOPLIST_FILE = YES;
				IPHONEOS_DEPLOYMENT_TARGET = 26.5;
				MARKETING_VERSION = 1.0;
				PRODUCT_BUNDLE_IDENTIFIER = personal.DynamicFormTests;
				PRODUCT_NAME = "$(TARGET_NAME)";
				STRING_CATALOG_GENERATE_SYMBOLS = NO;
				SWIFT_APPROACHABLE_CONCURRENCY = YES;
				SWIFT_EMIT_LOC_STRINGS = NO;
				SWIFT_UPCOMING_FEATURE_MEMBER_IMPORT_VISIBILITY = YES;
				SWIFT_VERSION = 5.0;
				TARGETED_DEVICE_FAMILY = "1,2";
				TEST_HOST = "$(BUILT_PRODUCTS_DIR)/DynamicForm.app/$(BUNDLE_EXECUTABLE_FOLDER_PATH)/DynamicForm";
			};
			name = Release;
		};
		63D010EC2FC85EDF00584707 /* Debug */ = {
			isa = XCBuildConfiguration;
			buildSettings = {
				CODE_SIGN_STYLE = Automatic;
				CURRENT_PROJECT_VERSION = 1;
				DEVELOPMENT_TEAM = 4FM45LJ43V;
				GENERATE_INFOPLIST_FILE = YES;
				MARKETING_VERSION = 1.0;
				PRODUCT_BUNDLE_IDENTIFIER = personal.DynamicFormUITests;
				PRODUCT_NAME = "$(TARGET_NAME)";
				STRING_CATALOG_GENERATE_SYMBOLS = NO;
				SWIFT_APPROACHABLE_CONCURRENCY = YES;
				SWIFT_EMIT_LOC_STRINGS = NO;
				SWIFT_UPCOMING_FEATURE_MEMBER_IMPORT_VISIBILITY = YES;
				SWIFT_VERSION = 5.0;
				TARGETED_DEVICE_FAMILY = "1,2";
				TEST_TARGET_NAME = DynamicForm;
			};
			name = Debug;
		};
		63D010ED2FC85EDF00584707 /* Release */ = {
			isa = XCBuildConfiguration;
			buildSettings = {
				CODE_SIGN_STYLE = Automatic;
				CURRENT_PROJECT_VERSION = 1;
				DEVELOPMENT_TEAM = 4FM45LJ43V;
				GENERATE_INFOPLIST_FILE = YES;
				MARKETING_VERSION = 1.0;
				PRODUCT_BUNDLE_IDENTIFIER = personal.DynamicFormUITests;
				PRODUCT_NAME = "$(TARGET_NAME)";
				STRING_CATALOG_GENERATE_SYMBOLS = NO;
				SWIFT_APPROACHABLE_CONCURRENCY = YES;
				SWIFT_EMIT_LOC_STRINGS = NO;
				SWIFT_UPCOMING_FEATURE_MEMBER_IMPORT_VISIBILITY = YES;
				SWIFT_VERSION = 5.0;
				TARGETED_DEVICE_FAMILY = "1,2";
				TEST_TARGET_NAME = DynamicForm;
			};
			name = Release;
		};
/* End XCBuildConfiguration section */

/* Begin XCConfigurationList section */
		63D010BF2FC85EDC00584707 /* Build configuration list for PBXProject "DynamicForm" */ = {
			isa = XCConfigurationList;
			buildConfigurations = (
				63D010E32FC85EDF00584707 /* Debug */,
				63D010E42FC85EDF00584707 /* Release */,
			);
			defaultConfigurationIsVisible = 0;
			defaultConfigurationName = Release;
		};
		63D010E52FC85EDF00584707 /* Build configuration list for PBXNativeTarget "DynamicForm" */ = {
			isa = XCConfigurationList;
			buildConfigurations = (
				63D010E62FC85EDF00584707 /* Debug */,
				63D010E72FC85EDF00584707 /* Release */,
			);
			defaultConfigurationIsVisible = 0;
			defaultConfigurationName = Release;
		};
		63D010E82FC85EDF00584707 /* Build configuration list for PBXNativeTarget "DynamicFormTests" */ = {
			isa = XCConfigurationList;
			buildConfigurations = (
				63D010E92FC85EDF00584707 /* Debug */,
				63D010EA2FC85EDF00584707 /* Release */,
			);
			defaultConfigurationIsVisible = 0;
			defaultConfigurationName = Release;
		};
		63D010EB2FC85EDF00584707 /* Build configuration list for PBXNativeTarget "DynamicFormUITests" */ = {
			isa = XCConfigurationList;
			buildConfigurations = (
				63D010EC2FC85EDF00584707 /* Debug */,
				63D010ED2FC85EDF00584707 /* Release */,
			);
			defaultConfigurationIsVisible = 0;
			defaultConfigurationName = Release;
		};
/* End XCConfigurationList section */
	};
	rootObject = 63D010BC2FC85EDC00584707 /* Project object */;
}
